
Microsoft Visual Studio Solution File, Format Version 12.00
# Visual Studio Version 16
VisualStudioVersion = 16.0.29009.5
MinimumVisualStudioVersion = 10.0.40219.1
Project("{8BC9CEB8-8B4A-11D0-8D11-00A0C91BC942}") = "ExceptionHandling_ClassLevelExpt", "ExceptionHandling_ClassLevelExpt\ExceptionHandling_ClassLevelExpt.vcxproj", "{03D9956D-5F75-4C5B-A658-410173A81E77}"
EndProject
Global
	GlobalSection(SolutionConfigurationPlatforms) = preSolution
		Debug|x64 = Debug|x64
		Debug|x86 = Debug|x86
		Release|x64 = Release|x64
		Release|x86 = Release|x86
	EndGlobalSection
	GlobalSection(ProjectConfigurationPlatforms) = postSolution
		{03D9956D-5F75-4C5B-A658-410173A81E77}.Debug|x64.ActiveCfg = Debug|x64
		{03D9956D-5F75-4C5B-A658-410173A81E77}.Debug|x64.Build.0 = Debug|x64
		{03D9956D-5F75-4C5B-A658-410173A81E77}.Debug|x86.ActiveCfg = Debug|Win32
		{03D9956D-5F75-4C5B-A658-410173A81E77}.Debug|x86.Build.0 = Debug|Win32
		{03D9956D-5F75-4C5B-A658-410173A81E77}.Release|x64.ActiveCfg = Release|x64
		{03D9956D-5F75-4C5B-A658-410173A81E77}.Release|x64.Build.0 = Release|x64
		{03D9956D-5F75-4C5B-A658-410173A81E77}.Release|x86.ActiveCfg = Release|Win32
		{03D9956D-5F75-4C5B-A658-410173A81E77}.Release|x86.Build.0 = Release|Win32
	EndGlobalSection
	GlobalSection(SolutionProperties) = preSolution
		HideSolutionNode = FALSE
	EndGlobalSection
	GlobalSection(ExtensibilityGlobals) = postSolution
		SolutionGuid = {13D2B18F-4BE8-4A65-8D54-0EE909E7718D}
	EndGlobalSection
EndGlobal
