
Microsoft Visual Studio Solution File, Format Version 12.00
# Visual Studio Version 16
VisualStudioVersion = 16.0.29009.5
MinimumVisualStudioVersion = 10.0.40219.1
Project("{8BC9CEB8-8B4A-11D0-8D11-00A0C91BC942}") = "IterateArrayUsingPointer", "IterateArrayUsingPointer\IterateArrayUsingPointer.vcxproj", "{A3D6CD24-6723-456E-8657-11A0CBE628BD}"
EndProject
Global
	GlobalSection(SolutionConfigurationPlatforms) = preSolution
		Debug|x64 = Debug|x64
		Debug|x86 = Debug|x86
		Release|x64 = Release|x64
		Release|x86 = Release|x86
	EndGlobalSection
	GlobalSection(ProjectConfigurationPlatforms) = postSolution
		{A3D6CD24-6723-456E-8657-11A0CBE628BD}.Debug|x64.ActiveCfg = Debug|x64
		{A3D6CD24-6723-456E-8657-11A0CBE628BD}.Debug|x64.Build.0 = Debug|x64
		{A3D6CD24-6723-456E-8657-11A0CBE628BD}.Debug|x86.ActiveCfg = Debug|Win32
		{A3D6CD24-6723-456E-8657-11A0CBE628BD}.Debug|x86.Build.0 = Debug|Win32
		{A3D6CD24-6723-456E-8657-11A0CBE628BD}.Release|x64.ActiveCfg = Release|x64
		{A3D6CD24-6723-456E-8657-11A0CBE628BD}.Release|x64.Build.0 = Release|x64
		{A3D6CD24-6723-456E-8657-11A0CBE628BD}.Release|x86.ActiveCfg = Release|Win32
		{A3D6CD24-6723-456E-8657-11A0CBE628BD}.Release|x86.Build.0 = Release|Win32
	EndGlobalSection
	GlobalSection(SolutionProperties) = preSolution
		HideSolutionNode = FALSE
	EndGlobalSection
	GlobalSection(ExtensibilityGlobals) = postSolution
		SolutionGuid = {2098820B-970F-4346-A203-83C1FC7F90F0}
	EndGlobalSection
EndGlobal
