
Microsoft Visual Studio Solution File, Format Version 12.00
# Visual Studio Version 16
VisualStudioVersion = 16.0.29009.5
MinimumVisualStudioVersion = 10.0.40219.1
Project("{8BC9CEB8-8B4A-11D0-8D11-00A0C91BC942}") = "NestedForLoop", "NestedForLoop\NestedForLoop.vcxproj", "{4FEFBEDD-00F8-4577-94FA-EF11DD46A927}"
EndProject
Global
	GlobalSection(SolutionConfigurationPlatforms) = preSolution
		Debug|x64 = Debug|x64
		Debug|x86 = Debug|x86
		Release|x64 = Release|x64
		Release|x86 = Release|x86
	EndGlobalSection
	GlobalSection(ProjectConfigurationPlatforms) = postSolution
		{4FEFBEDD-00F8-4577-94FA-EF11DD46A927}.Debug|x64.ActiveCfg = Debug|x64
		{4FEFBEDD-00F8-4577-94FA-EF11DD46A927}.Debug|x64.Build.0 = Debug|x64
		{4FEFBEDD-00F8-4577-94FA-EF11DD46A927}.Debug|x86.ActiveCfg = Debug|Win32
		{4FEFBEDD-00F8-4577-94FA-EF11DD46A927}.Debug|x86.Build.0 = Debug|Win32
		{4FEFBEDD-00F8-4577-94FA-EF11DD46A927}.Release|x64.ActiveCfg = Release|x64
		{4FEFBEDD-00F8-4577-94FA-EF11DD46A927}.Release|x64.Build.0 = Release|x64
		{4FEFBEDD-00F8-4577-94FA-EF11DD46A927}.Release|x86.ActiveCfg = Release|Win32
		{4FEFBEDD-00F8-4577-94FA-EF11DD46A927}.Release|x86.Build.0 = Release|Win32
	EndGlobalSection
	GlobalSection(SolutionProperties) = preSolution
		HideSolutionNode = FALSE
	EndGlobalSection
	GlobalSection(ExtensibilityGlobals) = postSolution
		SolutionGuid = {6DC3F6BB-8E9F-4F6A-87FE-105C316CDC7F}
	EndGlobalSection
EndGlobal
