
Microsoft Visual Studio Solution File, Format Version 12.00
# Visual Studio Version 16
VisualStudioVersion = 16.0.29009.5
MinimumVisualStudioVersion = 10.0.40219.1
Project("{8BC9CEB8-8B4A-11D0-8D11-00A0C91BC942}") = "QuickSort_RandomPivot", "QuickSort_RandomPivot\QuickSort_RandomPivot.vcxproj", "{AF0545E8-7328-463E-84EE-98235E7BDF32}"
EndProject
Global
	GlobalSection(SolutionConfigurationPlatforms) = preSolution
		Debug|x64 = Debug|x64
		Debug|x86 = Debug|x86
		Release|x64 = Release|x64
		Release|x86 = Release|x86
	EndGlobalSection
	GlobalSection(ProjectConfigurationPlatforms) = postSolution
		{AF0545E8-7328-463E-84EE-98235E7BDF32}.Debug|x64.ActiveCfg = Debug|x64
		{AF0545E8-7328-463E-84EE-98235E7BDF32}.Debug|x64.Build.0 = Debug|x64
		{AF0545E8-7328-463E-84EE-98235E7BDF32}.Debug|x86.ActiveCfg = Debug|Win32
		{AF0545E8-7328-463E-84EE-98235E7BDF32}.Debug|x86.Build.0 = Debug|Win32
		{AF0545E8-7328-463E-84EE-98235E7BDF32}.Release|x64.ActiveCfg = Release|x64
		{AF0545E8-7328-463E-84EE-98235E7BDF32}.Release|x64.Build.0 = Release|x64
		{AF0545E8-7328-463E-84EE-98235E7BDF32}.Release|x86.ActiveCfg = Release|Win32
		{AF0545E8-7328-463E-84EE-98235E7BDF32}.Release|x86.Build.0 = Release|Win32
	EndGlobalSection
	GlobalSection(SolutionProperties) = preSolution
		HideSolutionNode = FALSE
	EndGlobalSection
	GlobalSection(ExtensibilityGlobals) = postSolution
		SolutionGuid = {8B55C440-C03A-43F8-839C-173D36ED9D6A}
	EndGlobalSection
EndGlobal
