
Microsoft Visual Studio Solution File, Format Version 12.00
# Visual Studio Version 16
VisualStudioVersion = 16.0.29009.5
MinimumVisualStudioVersion = 10.0.40219.1
Project("{8BC9CEB8-8B4A-11D0-8D11-00A0C91BC942}") = "Class Template", "Class Template\Class Template.vcxproj", "{9A1FCF5A-17D5-4BD8-AE2D-7A5742A472E0}"
EndProject
Global
	GlobalSection(SolutionConfigurationPlatforms) = preSolution
		Debug|x64 = Debug|x64
		Debug|x86 = Debug|x86
		Release|x64 = Release|x64
		Release|x86 = Release|x86
	EndGlobalSection
	GlobalSection(ProjectConfigurationPlatforms) = postSolution
		{9A1FCF5A-17D5-4BD8-AE2D-7A5742A472E0}.Debug|x64.ActiveCfg = Debug|x64
		{9A1FCF5A-17D5-4BD8-AE2D-7A5742A472E0}.Debug|x64.Build.0 = Debug|x64
		{9A1FCF5A-17D5-4BD8-AE2D-7A5742A472E0}.Debug|x86.ActiveCfg = Debug|Win32
		{9A1FCF5A-17D5-4BD8-AE2D-7A5742A472E0}.Debug|x86.Build.0 = Debug|Win32
		{9A1FCF5A-17D5-4BD8-AE2D-7A5742A472E0}.Release|x64.ActiveCfg = Release|x64
		{9A1FCF5A-17D5-4BD8-AE2D-7A5742A472E0}.Release|x64.Build.0 = Release|x64
		{9A1FCF5A-17D5-4BD8-AE2D-7A5742A472E0}.Release|x86.ActiveCfg = Release|Win32
		{9A1FCF5A-17D5-4BD8-AE2D-7A5742A472E0}.Release|x86.Build.0 = Release|Win32
	EndGlobalSection
	GlobalSection(SolutionProperties) = preSolution
		HideSolutionNode = FALSE
	EndGlobalSection
	GlobalSection(ExtensibilityGlobals) = postSolution
		SolutionGuid = {B422A2F5-DB9B-4EC6-B881-8CF4A799372A}
	EndGlobalSection
EndGlobal
