
Microsoft Visual Studio Solution File, Format Version 12.00
# Visual Studio Version 16
VisualStudioVersion = 16.0.29009.5
MinimumVisualStudioVersion = 10.0.40219.1
Project("{8BC9CEB8-8B4A-11D0-8D11-00A0C91BC942}") = "Casting", "Casting\Casting.vcxproj", "{B303608A-DF88-433D-8730-3BA80B3A0D58}"
EndProject
Global
	GlobalSection(SolutionConfigurationPlatforms) = preSolution
		Debug|x64 = Debug|x64
		Debug|x86 = Debug|x86
		Release|x64 = Release|x64
		Release|x86 = Release|x86
	EndGlobalSection
	GlobalSection(ProjectConfigurationPlatforms) = postSolution
		{B303608A-DF88-433D-8730-3BA80B3A0D58}.Debug|x64.ActiveCfg = Debug|x64
		{B303608A-DF88-433D-8730-3BA80B3A0D58}.Debug|x64.Build.0 = Debug|x64
		{B303608A-DF88-433D-8730-3BA80B3A0D58}.Debug|x86.ActiveCfg = Debug|Win32
		{B303608A-DF88-433D-8730-3BA80B3A0D58}.Debug|x86.Build.0 = Debug|Win32
		{B303608A-DF88-433D-8730-3BA80B3A0D58}.Release|x64.ActiveCfg = Release|x64
		{B303608A-DF88-433D-8730-3BA80B3A0D58}.Release|x64.Build.0 = Release|x64
		{B303608A-DF88-433D-8730-3BA80B3A0D58}.Release|x86.ActiveCfg = Release|Win32
		{B303608A-DF88-433D-8730-3BA80B3A0D58}.Release|x86.Build.0 = Release|Win32
	EndGlobalSection
	GlobalSection(SolutionProperties) = preSolution
		HideSolutionNode = FALSE
	EndGlobalSection
	GlobalSection(ExtensibilityGlobals) = postSolution
		SolutionGuid = {74319F40-2D0A-45FE-B24B-27D678E14007}
	EndGlobalSection
EndGlobal
