
Microsoft Visual Studio Solution File, Format Version 12.00
# Visual Studio Version 16
VisualStudioVersion = 16.0.29009.5
MinimumVisualStudioVersion = 10.0.40219.1
Project("{8BC9CEB8-8B4A-11D0-8D11-00A0C91BC942}") = "OverloadingAssignmentOperator_Copy", "OverloadingAssignmentOperator_Copy\OverloadingAssignmentOperator_Copy.vcxproj", "{0CEA6E06-7357-4B09-9F0B-D674059F43BC}"
EndProject
Global
	GlobalSection(SolutionConfigurationPlatforms) = preSolution
		Debug|x64 = Debug|x64
		Debug|x86 = Debug|x86
		Release|x64 = Release|x64
		Release|x86 = Release|x86
	EndGlobalSection
	GlobalSection(ProjectConfigurationPlatforms) = postSolution
		{0CEA6E06-7357-4B09-9F0B-D674059F43BC}.Debug|x64.ActiveCfg = Debug|x64
		{0CEA6E06-7357-4B09-9F0B-D674059F43BC}.Debug|x64.Build.0 = Debug|x64
		{0CEA6E06-7357-4B09-9F0B-D674059F43BC}.Debug|x86.ActiveCfg = Debug|Win32
		{0CEA6E06-7357-4B09-9F0B-D674059F43BC}.Debug|x86.Build.0 = Debug|Win32
		{0CEA6E06-7357-4B09-9F0B-D674059F43BC}.Release|x64.ActiveCfg = Release|x64
		{0CEA6E06-7357-4B09-9F0B-D674059F43BC}.Release|x64.Build.0 = Release|x64
		{0CEA6E06-7357-4B09-9F0B-D674059F43BC}.Release|x86.ActiveCfg = Release|Win32
		{0CEA6E06-7357-4B09-9F0B-D674059F43BC}.Release|x86.Build.0 = Release|Win32
	EndGlobalSection
	GlobalSection(SolutionProperties) = preSolution
		HideSolutionNode = FALSE
	EndGlobalSection
	GlobalSection(ExtensibilityGlobals) = postSolution
		SolutionGuid = {75BCD28B-21CE-455E-BFA4-120CCD30B7A1}
	EndGlobalSection
EndGlobal
