
Microsoft Visual Studio Solution File, Format Version 12.00
# Visual Studio Version 16
VisualStudioVersion = 16.0.29009.5
MinimumVisualStudioVersion = 10.0.40219.1
Project("{8BC9CEB8-8B4A-11D0-8D11-00A0C91BC942}") = "CTimeChrono", "CTimeChrono\CTimeChrono.vcxproj", "{ACCC8DD4-1154-44AB-B0EA-955508E909FA}"
EndProject
Global
	GlobalSection(SolutionConfigurationPlatforms) = preSolution
		Debug|x64 = Debug|x64
		Debug|x86 = Debug|x86
		Release|x64 = Release|x64
		Release|x86 = Release|x86
	EndGlobalSection
	GlobalSection(ProjectConfigurationPlatforms) = postSolution
		{ACCC8DD4-1154-44AB-B0EA-955508E909FA}.Debug|x64.ActiveCfg = Debug|x64
		{ACCC8DD4-1154-44AB-B0EA-955508E909FA}.Debug|x64.Build.0 = Debug|x64
		{ACCC8DD4-1154-44AB-B0EA-955508E909FA}.Debug|x86.ActiveCfg = Debug|Win32
		{ACCC8DD4-1154-44AB-B0EA-955508E909FA}.Debug|x86.Build.0 = Debug|Win32
		{ACCC8DD4-1154-44AB-B0EA-955508E909FA}.Release|x64.ActiveCfg = Release|x64
		{ACCC8DD4-1154-44AB-B0EA-955508E909FA}.Release|x64.Build.0 = Release|x64
		{ACCC8DD4-1154-44AB-B0EA-955508E909FA}.Release|x86.ActiveCfg = Release|Win32
		{ACCC8DD4-1154-44AB-B0EA-955508E909FA}.Release|x86.Build.0 = Release|Win32
	EndGlobalSection
	GlobalSection(SolutionProperties) = preSolution
		HideSolutionNode = FALSE
	EndGlobalSection
	GlobalSection(ExtensibilityGlobals) = postSolution
		SolutionGuid = {7CF0049A-FED1-42CF-8593-FCDF62E9765C}
	EndGlobalSection
EndGlobal
