
Microsoft Visual Studio Solution File, Format Version 12.00
# Visual Studio Version 16
VisualStudioVersion = 16.0.29009.5
MinimumVisualStudioVersion = 10.0.40219.1
Project("{8BC9CEB8-8B4A-11D0-8D11-00A0C91BC942}") = "TestCpp_11", "TestCpp_11\TestCpp_11.vcxproj", "{F4773E71-D2ED-46F2-82AD-947D78731089}"
EndProject
Global
	GlobalSection(SolutionConfigurationPlatforms) = preSolution
		Debug|x64 = Debug|x64
		Debug|x86 = Debug|x86
		Release|x64 = Release|x64
		Release|x86 = Release|x86
	EndGlobalSection
	GlobalSection(ProjectConfigurationPlatforms) = postSolution
		{F4773E71-D2ED-46F2-82AD-947D78731089}.Debug|x64.ActiveCfg = Debug|x64
		{F4773E71-D2ED-46F2-82AD-947D78731089}.Debug|x64.Build.0 = Debug|x64
		{F4773E71-D2ED-46F2-82AD-947D78731089}.Debug|x86.ActiveCfg = Debug|Win32
		{F4773E71-D2ED-46F2-82AD-947D78731089}.Debug|x86.Build.0 = Debug|Win32
		{F4773E71-D2ED-46F2-82AD-947D78731089}.Release|x64.ActiveCfg = Release|x64
		{F4773E71-D2ED-46F2-82AD-947D78731089}.Release|x64.Build.0 = Release|x64
		{F4773E71-D2ED-46F2-82AD-947D78731089}.Release|x86.ActiveCfg = Release|Win32
		{F4773E71-D2ED-46F2-82AD-947D78731089}.Release|x86.Build.0 = Release|Win32
	EndGlobalSection
	GlobalSection(SolutionProperties) = preSolution
		HideSolutionNode = FALSE
	EndGlobalSection
	GlobalSection(ExtensibilityGlobals) = postSolution
		SolutionGuid = {20992B32-84DE-41CA-93AD-D49824356B77}
	EndGlobalSection
EndGlobal
