
Microsoft Visual Studio Solution File, Format Version 12.00
# Visual Studio Version 16
VisualStudioVersion = 16.0.29009.5
MinimumVisualStudioVersion = 10.0.40219.1
Project("{8BC9CEB8-8B4A-11D0-8D11-00A0C91BC942}") = "TestingGround", "TestingGround\TestingGround.vcxproj", "{58B70F51-8762-46C4-97F6-F408BAE398AD}"
EndProject
Global
	GlobalSection(SolutionConfigurationPlatforms) = preSolution
		Debug|x64 = Debug|x64
		Debug|x86 = Debug|x86
		Release|x64 = Release|x64
		Release|x86 = Release|x86
	EndGlobalSection
	GlobalSection(ProjectConfigurationPlatforms) = postSolution
		{58B70F51-8762-46C4-97F6-F408BAE398AD}.Debug|x64.ActiveCfg = Debug|x64
		{58B70F51-8762-46C4-97F6-F408BAE398AD}.Debug|x64.Build.0 = Debug|x64
		{58B70F51-8762-46C4-97F6-F408BAE398AD}.Debug|x86.ActiveCfg = Debug|Win32
		{58B70F51-8762-46C4-97F6-F408BAE398AD}.Debug|x86.Build.0 = Debug|Win32
		{58B70F51-8762-46C4-97F6-F408BAE398AD}.Release|x64.ActiveCfg = Release|x64
		{58B70F51-8762-46C4-97F6-F408BAE398AD}.Release|x64.Build.0 = Release|x64
		{58B70F51-8762-46C4-97F6-F408BAE398AD}.Release|x86.ActiveCfg = Release|Win32
		{58B70F51-8762-46C4-97F6-F408BAE398AD}.Release|x86.Build.0 = Release|Win32
	EndGlobalSection
	GlobalSection(SolutionProperties) = preSolution
		HideSolutionNode = FALSE
	EndGlobalSection
	GlobalSection(ExtensibilityGlobals) = postSolution
		SolutionGuid = {FD62953E-7A50-4D5E-9A04-54B9F492FC65}
	EndGlobalSection
EndGlobal
