
Microsoft Visual Studio Solution File, Format Version 12.00
# Visual Studio 2013
VisualStudioVersion = 12.0.31101.0
MinimumVisualStudioVersion = 10.0.40219.1
Project("{8BC9CEB8-8B4A-11D0-8D11-00A0C91BC942}") = "App_38", "App_38\App_38.vcxproj", "{D455B7C5-2B1A-471A-95FF-27C799DC4E97}"
EndProject
Global
	GlobalSection(SolutionConfigurationPlatforms) = preSolution
		Debug|Win32 = Debug|Win32
		Release|Win32 = Release|Win32
	EndGlobalSection
	GlobalSection(ProjectConfigurationPlatforms) = postSolution
		{D455B7C5-2B1A-471A-95FF-27C799DC4E97}.Debug|Win32.ActiveCfg = Debug|Win32
		{D455B7C5-2B1A-471A-95FF-27C799DC4E97}.Debug|Win32.Build.0 = Debug|Win32
		{D455B7C5-2B1A-471A-95FF-27C799DC4E97}.Release|Win32.ActiveCfg = Release|Win32
		{D455B7C5-2B1A-471A-95FF-27C799DC4E97}.Release|Win32.Build.0 = Release|Win32
	EndGlobalSection
	GlobalSection(SolutionProperties) = preSolution
		HideSolutionNode = FALSE
	EndGlobalSection
EndGlobal
