
Microsoft Visual Studio Solution File, Format Version 12.00
# Visual Studio Version 16
VisualStudioVersion = 16.0.29009.5
MinimumVisualStudioVersion = 10.0.40219.1
Project("{8BC9CEB8-8B4A-11D0-8D11-00A0C91BC942}") = "DepthFirstTraverse_Inorder_UsingStack", "DepthFirstTraverse_Inorder_UsingStack\DepthFirstTraverse_Inorder_UsingStack.vcxproj", "{414D8146-15C9-4DDA-B5F0-395420438B38}"
EndProject
Global
	GlobalSection(SolutionConfigurationPlatforms) = preSolution
		Debug|x64 = Debug|x64
		Debug|x86 = Debug|x86
		Release|x64 = Release|x64
		Release|x86 = Release|x86
	EndGlobalSection
	GlobalSection(ProjectConfigurationPlatforms) = postSolution
		{414D8146-15C9-4DDA-B5F0-395420438B38}.Debug|x64.ActiveCfg = Debug|x64
		{414D8146-15C9-4DDA-B5F0-395420438B38}.Debug|x64.Build.0 = Debug|x64
		{414D8146-15C9-4DDA-B5F0-395420438B38}.Debug|x86.ActiveCfg = Debug|Win32
		{414D8146-15C9-4DDA-B5F0-395420438B38}.Debug|x86.Build.0 = Debug|Win32
		{414D8146-15C9-4DDA-B5F0-395420438B38}.Release|x64.ActiveCfg = Release|x64
		{414D8146-15C9-4DDA-B5F0-395420438B38}.Release|x64.Build.0 = Release|x64
		{414D8146-15C9-4DDA-B5F0-395420438B38}.Release|x86.ActiveCfg = Release|Win32
		{414D8146-15C9-4DDA-B5F0-395420438B38}.Release|x86.Build.0 = Release|Win32
	EndGlobalSection
	GlobalSection(SolutionProperties) = preSolution
		HideSolutionNode = FALSE
	EndGlobalSection
	GlobalSection(ExtensibilityGlobals) = postSolution
		SolutionGuid = {E86A7813-EC7D-4362-BD87-18DB8E090D17}
	EndGlobalSection
EndGlobal
